hash: c59b97de285755b911cc7e5637e2cd94864f658a84292afa477e7b84fdf0df3a
updated: 2016-10-18T22:51:48.910366334+09:00
imports:
- name: github.com/andybalholm/cascadia
  version: 1c31af6f6c1a7b101ed05aacc7d8a738b43ae86e
- name: github.com/azr/backoff
  version: 53511d3c733003985b0b76f733df1f4d0095ee6a
- name: github.com/ChimeraCoder/anaconda
  version: 00ecb7b4510497dc28cd46a598007ab8fe01f889
- name: github.com/ChimeraCoder/tokenbucket
  version: c5a927568de7aad8a58127d80bcd36ca4e71e454
- name: github.com/dustin/go-jsonpointer
  version: ba0abeacc3dcca5b9b20f31509c46794edbc9965
- name: github.com/dustin/gojson
  version: 2e71ec9dd5adce3b168cd0dbde03b5cc04951c30
- name: github.com/garyburd/go-oauth
  version: 719b069913e1151a73ea30d2ea4f90deda3ce234
  subpackages:
  - oauth
- name: github.com/golang/protobuf
  version: df1d3ca07d2d07bba352d5b73c4313b4e2a6203e
  subpackages:
  - proto
- name: github.com/joho/godotenv
  version: a01a834e1654b4c9ca5b3ad05159445cc9c7ad08
- name: github.com/jteeuwen/go-pkg-rss
  version: 72391e6fd7384785fa3c46a405214a616d6c4a1d
- name: github.com/jteeuwen/go-pkg-xmlx
  version: 76f54ee73233b171ca9ee82ef837a1fc4d3809c0
- name: github.com/kennygrant/sanitize
  version: 7fdd72ab580907c39c5f0b8b98b8d89e5476f424
- name: github.com/line/line-bot-sdk-go
  version: 7de5817af0beb177af416ed4bb48cca4248b8849
  subpackages:
  - linebot
- name: github.com/mjibson/goon
  version: cd609af4b72b42722419414a522f235038d5ec0b
- name: github.com/pkg/errors
  version: 645ef00459ed84a119197bfb8d8205042c6df63d
- name: github.com/PuerkitoBio/goquery
  version: 56a198aba89cdf7a612e6c762eff9d788b9f2dae
- name: golang.org/x/net
  version: f4b625ec9b21d620bb5ce57f2dfc3e08ca97fce6
  subpackages:
  - context
  - context/ctxhttp
  - html
  - html/atom
- name: google.golang.org/api
  version: 3cf64a039723963488f603d140d0aec154fdcd20
  subpackages:
  - customsearch/v1
  - gensupport
  - googleapi
  - googleapi/internal/uritemplates
- name: google.golang.org/appengine
  version: 150dc57a1b433e64154302bdc40b6bb8aefa313a
  subpackages:
  - datastore
  - log
  - taskqueue
  - urlfetch
  - internal
  - internal/app_identity
  - internal/modules
  - internal/urlfetch
  - internal/datastore
  - internal/taskqueue
  - internal/log
  - memcache
  - internal/base
  - internal/remote_api
  - internal/memcache
testImports: []
