hash: 9dbac9b1575293b8613ca102603f02e805d2a45d4741cfbdbee2691df10d1735
updated: 2017-05-14T10:17:19.297376742+09:00
imports:
- name: github.com/andybalholm/cascadia
  version: 349dd0209470eabd9514242c688c403c0926d266
- name: github.com/azr/backoff
  version: 53511d3c733003985b0b76f733df1f4d0095ee6a
- name: github.com/ChimeraCoder/anaconda
  version: 6def80702964f0219b52da8e306b7fa6a41fb818
- name: github.com/ChimeraCoder/tokenbucket
  version: c5a927568de7aad8a58127d80bcd36ca4e71e454
- name: github.com/dustin/go-jsonpointer
  version: ba0abeacc3dcca5b9b20f31509c46794edbc9965
- name: github.com/dustin/gojson
  version: 2e71ec9dd5adce3b168cd0dbde03b5cc04951c30
- name: github.com/garyburd/go-oauth
  version: 4f191fd0442e75c0c73bd00e4f5f27d4c08312ee
  subpackages:
  - oauth
- name: github.com/golang/protobuf
  version: fec3b39b059c0f88fa6b20f5ed012b1aa203a8b4
  subpackages:
  - proto
- name: github.com/gorilla/context
  version: 1ea25387ff6f684839d82767c1733ff4d4d15d0a
- name: github.com/gorilla/mux
  version: 392c28fe23e1c45ddba891b0320b3b5df220beea
- name: github.com/joho/godotenv
  version: 726cc8b906e3d31c70a9671c90a13716a8d3f50d
- name: github.com/jteeuwen/go-pkg-rss
  version: 72391e6fd7384785fa3c46a405214a616d6c4a1d
- name: github.com/jteeuwen/go-pkg-xmlx
  version: 76f54ee73233b171ca9ee82ef837a1fc4d3809c0
- name: github.com/kennygrant/sanitize
  version: 6a0bfdde8629a3a3a7418a7eae45c54154692514
- name: github.com/line/line-bot-sdk-go
  version: ec620b9af9b5ebdba700370820c0b6f657f37a3d
  subpackages:
  - linebot
- name: github.com/mattn/go-scan
  version: c32d62d79bafeac8906774425844a0e03470316f
- name: github.com/mjibson/goon
  version: 4704d2914e39207b9ea1f29065975a803e96b8ae
- name: github.com/pkg/errors
  version: 645ef00459ed84a119197bfb8d8205042c6df63d
- name: github.com/PuerkitoBio/goquery
  version: e1271ee34c6a305e38566ecd27ae374944907ee9
- name: github.com/urfave/negroni
  version: fde5e16d32adc7ad637e9cd9ad21d4ebc6192535
- name: github.com/utahta/go-atomicbool
  version: 8c6eeea43c52804cb9689cde24f07d0f0951b544
- name: github.com/utahta/go-openuri
  version: 2e02285e49a489aab86e7080f5db56c7af1758b8
- name: github.com/utahta/momoclo-crawler
  version: edc6ce30f4db68062d3b762200c10972fdde05d8
- name: github.com/utahta/ustream-live-status
  version: 0b788f8cd554ace1f8e9bbf51453b02796d4889c
- name: github.com/utahta/uststat
  version: 0b788f8cd554ace1f8e9bbf51453b02796d4889c
- name: golang.org/x/net
  version: 10c134ea0df15f7e34d789338c7a2d76cc7a3ab9
  subpackages:
  - context
  - context/ctxhttp
  - html
  - html/atom
- name: golang.org/x/text
  version: 19e51611da83d6be54ddafce4a4af510cb3e9ea4
  subpackages:
  - encoding
  - encoding/internal
  - encoding/internal/identifier
  - encoding/japanese
  - transform
- name: google.golang.org/api
  version: c858ef4400610cbfd097ffc5f5c6e4a1a51eac86
  subpackages:
  - customsearch/v1
  - gensupport
  - googleapi
  - googleapi/internal/uritemplates
- name: google.golang.org/appengine
  version: 150dc57a1b433e64154302bdc40b6bb8aefa313a
  subpackages:
  - aetest
  - datastore
  - internal
  - internal/app_identity
  - internal/base
  - internal/datastore
  - internal/log
  - internal/memcache
  - internal/modules
  - internal/remote_api
  - internal/taskqueue
  - internal/urlfetch
  - internal/user
  - log
  - memcache
  - taskqueue
  - urlfetch
  - user
testImports: []
